
Microsoft Visual Studio Solution File, Format Version 12.00
# Visual Studio Version 16
VisualStudioVersion = 16.0.31829.152
MinimumVisualStudioVersion = 10.0.40219.1
Project("{FAE04EC0-301F-11D3-BF4B-00C04F79EFBC}") = "SearchForCompanySharesTest", "SearchForCompanySharesTest\SearchForCompanySharesTest.csproj", "{A1DED895-9AA4-4FD4-AF76-2A88CD550AEB}"
EndProject
Global
	GlobalSection(SolutionConfigurationPlatforms) = preSolution
		Debug|Any CPU = Debug|Any CPU
		Release|Any CPU = Release|Any CPU
	EndGlobalSection
	GlobalSection(ProjectConfigurationPlatforms) = postSolution
		{A1DED895-9AA4-4FD4-AF76-2A88CD550AEB}.Debug|Any CPU.ActiveCfg = Debug|Any CPU
		{A1DED895-9AA4-4FD4-AF76-2A88CD550AEB}.Debug|Any CPU.Build.0 = Debug|Any CPU
		{A1DED895-9AA4-4FD4-AF76-2A88CD550AEB}.Release|Any CPU.ActiveCfg = Release|Any CPU
		{A1DED895-9AA4-4FD4-AF76-2A88CD550AEB}.Release|Any CPU.Build.0 = Release|Any CPU
	EndGlobalSection
	GlobalSection(SolutionProperties) = preSolution
		HideSolutionNode = FALSE
	EndGlobalSection
	GlobalSection(ExtensibilityGlobals) = postSolution
		SolutionGuid = {ECCEA3FD-C2F8-432D-90FB-2547584BF153}
	EndGlobalSection
EndGlobal
